{
  "name": "mojtipusr",
  "version": "1.0.0",
  "lockfileVersion": 3,
  "requires": true,
  "packages": {
    "": {
      "name": "mojtipusr",
      "version": "1.0.0",
      "license": "ISC",
      "dependencies": {
        "mojtipdev1": "^1.0.0"
      }
    },
    "node_modules/mojtipdev1": {
      "version": "1.0.0",
      "resolved": "https://registry.npmjs.org/mojtipdev1/-/mojtipdev1-1.0.0.tgz",
      "integrity": "sha512-ubzaS7P9zCx9Zh4W3/uYboNRor8quq0OO5LtMHgqwDPV0vBOcg3i45FVUZnIvenglmRjiMsaIc53o/hxBjGwUQ==",
      "license": "ISC"
    }
  }
}
