{
  "name": "mojtip_user",
  "version": "1.0.0",
  "lockfileVersion": 3,
  "requires": true,
  "packages": {
    "": {
      "name": "mojtip_user",
      "version": "1.0.0",
      "license": "ISC",
      "dependencies": {
        "mojtip_marija": "^1.0.0"
      }
    },
    "node_modules/lodash": {
      "version": "4.17.21",
      "resolved": "https://registry.npmjs.org/lodash/-/lodash-4.17.21.tgz",
      "integrity": "sha512-v2kDEe57lecTulaDIuNTPy3Ry4gLGJ6Z1O3vE1krgXZNrsQ+LFTGHVxVjcXPs17LhbZVGedAJv8XZ1tvj5FvSg=="
    },
    "node_modules/mojtip_marija": {
      "version": "1.0.0",
      "resolved": "https://registry.npmjs.org/mojtip_marija/-/mojtip_marija-1.0.0.tgz",
      "integrity": "sha512-ozInij6MAvdxDjxCAhnicgm8SWKbjDzxu4zI8k1wwRpaS9yD/apaiNy7yDimabJyX8fuL9Ji1fnbfkdcK0ivQg==",
      "dependencies": {
        "lodash": "^4.17.21"
      }
    }
  }
}
