{
  "name": "mujtipusr",
  "version": "1.0.0",
  "lockfileVersion": 3,
  "requires": true,
  "packages": {
    "": {
      "name": "mujtipusr",
      "version": "1.0.0",
      "license": "ISC",
      "dependencies": {
        "mojtipdev": "^1.0.0"
      }
    },
    "node_modules/lodash": {
      "version": "4.17.21",
      "resolved": "https://registry.npmjs.org/lodash/-/lodash-4.17.21.tgz",
      "integrity": "sha512-v2kDEe57lecTulaDIuNTPy3Ry4gLGJ6Z1O3vE1krgXZNrsQ+LFTGHVxVjcXPs17LhbZVGedAJv8XZ1tvj5FvSg=="
    },
    "node_modules/mojtipdev": {
      "version": "1.0.0",
      "resolved": "https://registry.npmjs.org/mojtipdev/-/mojtipdev-1.0.0.tgz",
      "integrity": "sha512-FT8V26KRwzXh/OkhtMnFSqFvmZmqORrtRpBYRr1Animju6MGMxVVAWr7z9wpML5F7HpQOU7LsOVCUf5eHAgmHw==",
      "dependencies": {
        "lodash": "^4.17.21"
      }
    }
  }
}