{
  "name": "v32",
  "version": "1.0.0",
  "lockfileVersion": 3,
  "requires": true,
  "packages": {
    "": {
      "name": "v32",
      "version": "1.0.0",
      "license": "ISC",
      "dependencies": {
        "mojpaket": "^1.0.0"
      }
    },
    "node_modules/lodash": {
      "version": "4.18.1",
      "resolved": "https://registry.npmjs.org/lodash/-/lodash-4.18.1.tgz",
      "integrity": "sha512-dMInicTPVE8d1e5otfwmmjlxkZoUpiVLwyeTdUsi/Caj/gfzzblBcCE5sRHV/AsjuCmxWrte2TNGSYuCeCq+0Q=="
    },
    "node_modules/mojpaket": {
      "version": "1.0.0",
      "resolved": "https://registry.npmjs.org/mojpaket/-/mojpaket-1.0.0.tgz",
      "integrity": "sha512-4NLvEtRLYNTIpSWOd6rZ2p01fijITJNXAS/Iv7ptyklQiXEjKutFFg8cnGNjBUY+C8akRq68M926bvhrsXeP0Q==",
      "dependencies": {
        "lodash": "^4.17.21"
      }
    }
  }
}
